
Microsoft Visual Studio Solution File, Format Version 12.00
# Visual Studio Version 17
VisualStudioVersion = 17.8.34408.163
MinimumVisualStudioVersion = 10.0.40219.1
Project("{9A19103F-16F7-4668-BE54-9A1E7A4F7556}") = "LibraryMVC.Core", "LibraryMVC.Core\LibraryMVC.Core.csproj", "{94AC25B7-5EAC-4D84-8300-031C258386B8}"
EndProject
Project("{9A19103F-16F7-4668-BE54-9A1E7A4F7556}") = "LibraryMVC.Infrastructure", "LibraryMVC.Infrastructure\LibraryMVC.Infrastructure.csproj", "{9844258E-AC8A-4995-A4A8-40B07970CCB1}"
	ProjectSection(ProjectDependencies) = postProject
		{94AC25B7-5EAC-4D84-8300-031C258386B8} = {94AC25B7-5EAC-4D84-8300-031C258386B8}
	EndProjectSection
EndProject
Project("{9A19103F-16F7-4668-BE54-9A1E7A4F7556}") = "LibraryMVC", "LibraryMVC\LibraryMVC.csproj", "{0F7D8D98-DF43-4E4B-B8BA-1EA8748137F6}"
	ProjectSection(ProjectDependencies) = postProject
		{94AC25B7-5EAC-4D84-8300-031C258386B8} = {94AC25B7-5EAC-4D84-8300-031C258386B8}
		{9844258E-AC8A-4995-A4A8-40B07970CCB1} = {9844258E-AC8A-4995-A4A8-40B07970CCB1}
	EndProjectSection
EndProject
Project("{FAE04EC0-301F-11D3-BF4B-00C04F79EFBC}") = "Library.Test", "Library.Test\Library.Test.csproj", "{3D50F93B-6989-4E29-910E-3426A6D1204B}"
EndProject
Project("{FAE04EC0-301F-11D3-BF4B-00C04F79EFBC}") = "Library.API", "Library.API\Library.API.csproj", "{0A173B59-D031-41BA-9421-FA3157A629A0}"
EndProject
Global
	GlobalSection(SolutionConfigurationPlatforms) = preSolution
		Debug|Any CPU = Debug|Any CPU
		Release|Any CPU = Release|Any CPU
	EndGlobalSection
	GlobalSection(ProjectConfigurationPlatforms) = postSolution
		{94AC25B7-5EAC-4D84-8300-031C258386B8}.Debug|Any CPU.ActiveCfg = Debug|Any CPU
		{94AC25B7-5EAC-4D84-8300-031C258386B8}.Debug|Any CPU.Build.0 = Debug|Any CPU
		{94AC25B7-5EAC-4D84-8300-031C258386B8}.Release|Any CPU.ActiveCfg = Release|Any CPU
		{94AC25B7-5EAC-4D84-8300-031C258386B8}.Release|Any CPU.Build.0 = Release|Any CPU
		{9844258E-AC8A-4995-A4A8-40B07970CCB1}.Debug|Any CPU.ActiveCfg = Debug|Any CPU
		{9844258E-AC8A-4995-A4A8-40B07970CCB1}.Debug|Any CPU.Build.0 = Debug|Any CPU
		{9844258E-AC8A-4995-A4A8-40B07970CCB1}.Release|Any CPU.ActiveCfg = Release|Any CPU
		{9844258E-AC8A-4995-A4A8-40B07970CCB1}.Release|Any CPU.Build.0 = Release|Any CPU
		{0F7D8D98-DF43-4E4B-B8BA-1EA8748137F6}.Debug|Any CPU.ActiveCfg = Debug|Any CPU
		{0F7D8D98-DF43-4E4B-B8BA-1EA8748137F6}.Debug|Any CPU.Build.0 = Debug|Any CPU
		{0F7D8D98-DF43-4E4B-B8BA-1EA8748137F6}.Release|Any CPU.ActiveCfg = Release|Any CPU
		{0F7D8D98-DF43-4E4B-B8BA-1EA8748137F6}.Release|Any CPU.Build.0 = Release|Any CPU
		{3D50F93B-6989-4E29-910E-3426A6D1204B}.Debug|Any CPU.ActiveCfg = Debug|Any CPU
		{3D50F93B-6989-4E29-910E-3426A6D1204B}.Debug|Any CPU.Build.0 = Debug|Any CPU
		{3D50F93B-6989-4E29-910E-3426A6D1204B}.Release|Any CPU.ActiveCfg = Release|Any CPU
		{3D50F93B-6989-4E29-910E-3426A6D1204B}.Release|Any CPU.Build.0 = Release|Any CPU
		{0A173B59-D031-41BA-9421-FA3157A629A0}.Debug|Any CPU.ActiveCfg = Debug|Any CPU
		{0A173B59-D031-41BA-9421-FA3157A629A0}.Debug|Any CPU.Build.0 = Debug|Any CPU
		{0A173B59-D031-41BA-9421-FA3157A629A0}.Release|Any CPU.ActiveCfg = Release|Any CPU
		{0A173B59-D031-41BA-9421-FA3157A629A0}.Release|Any CPU.Build.0 = Release|Any CPU
	EndGlobalSection
	GlobalSection(SolutionProperties) = preSolution
		HideSolutionNode = FALSE
	EndGlobalSection
	GlobalSection(ExtensibilityGlobals) = postSolution
		SolutionGuid = {50FB09E6-1702-47E3-AD68-86C6C7700872}
	EndGlobalSection
EndGlobal
