
Microsoft Visual Studio Solution File, Format Version 12.00
# Visual Studio Version 17
VisualStudioVersion = 17.8.34525.116
MinimumVisualStudioVersion = 10.0.40219.1
Project("{FAE04EC0-301F-11D3-BF4B-00C04F79EFBC}") = "ProtectedAPI", "ProtectedAPI\ProtectedAPI.csproj", "{BD4C3E44-C32A-4724-9893-D088A55EE24B}"
EndProject
Project("{FAE04EC0-301F-11D3-BF4B-00C04F79EFBC}") = "ProtectedWeb", "ProtectedWeb\ProtectedWeb.csproj", "{3644EA31-BF59-4C6A-A860-39D1F722134F}"
EndProject
Global
	GlobalSection(SolutionConfigurationPlatforms) = preSolution
		Debug|Any CPU = Debug|Any CPU
		Release|Any CPU = Release|Any CPU
	EndGlobalSection
	GlobalSection(ProjectConfigurationPlatforms) = postSolution
		{BD4C3E44-C32A-4724-9893-D088A55EE24B}.Debug|Any CPU.ActiveCfg = Debug|Any CPU
		{BD4C3E44-C32A-4724-9893-D088A55EE24B}.Debug|Any CPU.Build.0 = Debug|Any CPU
		{BD4C3E44-C32A-4724-9893-D088A55EE24B}.Release|Any CPU.ActiveCfg = Release|Any CPU
		{BD4C3E44-C32A-4724-9893-D088A55EE24B}.Release|Any CPU.Build.0 = Release|Any CPU
		{3644EA31-BF59-4C6A-A860-39D1F722134F}.Debug|Any CPU.ActiveCfg = Debug|Any CPU
		{3644EA31-BF59-4C6A-A860-39D1F722134F}.Debug|Any CPU.Build.0 = Debug|Any CPU
		{3644EA31-BF59-4C6A-A860-39D1F722134F}.Release|Any CPU.ActiveCfg = Release|Any CPU
		{3644EA31-BF59-4C6A-A860-39D1F722134F}.Release|Any CPU.Build.0 = Release|Any CPU
	EndGlobalSection
	GlobalSection(SolutionProperties) = preSolution
		HideSolutionNode = FALSE
	EndGlobalSection
	GlobalSection(ExtensibilityGlobals) = postSolution
		SolutionGuid = {54CF5A09-7CEC-43CD-9B36-BBF9CE2433A2}
	EndGlobalSection
EndGlobal
